{
  "name": "@justjam2013/net-ping",
  "version": "2.0.1",
  "lockfileVersion": 3,
  "requires": true,
  "packages": {
    "": {
      "name": "@justjam2013/net-ping",
      "version": "2.0.1",
      "license": "MIT",
      "dependencies": {
        "@justjam2013/raw-socket": "^1.0.0"
      }
    },
    "node_modules/@justjam2013/raw-socket": {
      "version": "1.0.0",
      "resolved": "https://registry.npmjs.org/@justjam2013/raw-socket/-/raw-socket-1.0.0.tgz",
      "integrity": "sha512-wVOHcVC9cwNBIZo2kA8o56D6+G0X7iBA78njW9VqJXEvLuFlbqHVZrRrxYqnELoLiqJcW0U6rd+LJN+cSI4ecw==",
      "hasInstallScript": true,
      "license": "MIT",
      "dependencies": {
        "nan": "^2.23.1"
      }
    },
    "node_modules/@justjam2013/raw-socket/node_modules/nan": {
      "version": "2.23.1",
      "resolved": "https://registry.npmjs.org/nan/-/nan-2.23.1.tgz",
      "integrity": "sha512-r7bBUGKzlqk8oPBDYxt6Z0aEdF1G1rwlMcLk8LCOMbOzf0mG+JUfUzG4fIMWwHWP0iyaLWEQZJmtB7nOHEm/qw==",
      "license": "MIT"
    }
  }
}
