{
  "name": "node-net-ping",
  "version": "1.2.5.beta.1",
  "lockfileVersion": 3,
  "requires": true,
  "packages": {
    "": {
      "name": "node-net-ping",
      "version": "1.2.5.beta.1",
      "license": "MIT",
      "dependencies": {
        "@neuralegion/raw-socket": "*"
      }
    },
    "node_modules/@neuralegion/raw-socket": {
      "version": "1.8.6",
      "resolved": "https://registry.npmjs.org/@neuralegion/raw-socket/-/raw-socket-1.8.6.tgz",
      "integrity": "sha512-LW0O6cv++9wQUvPJKKgD9Lfy7rerEBf/iLFnLGh4N2PUsJZVvfFcWfXdHnDuSi5T3bXav/kIs7yJHQmtth4Xig==",
      "hasInstallScript": true,
      "license": "MIT",
      "dependencies": {
        "nan": "^2.22.0",
        "node-gyp-build": "^4.8.3"
      }
    },
    "node_modules/nan": {
      "version": "2.22.0",
      "resolved": "https://registry.npmjs.org/nan/-/nan-2.22.0.tgz",
      "integrity": "sha512-nbajikzWTMwsW+eSsNm3QwlOs7het9gGJU5dDZzRTQGk03vyBOauxgI4VakDzE0PtsGTmXPsXTbbjVhRwR5mpw==",
      "license": "MIT"
    },
    "node_modules/node-gyp-build": {
      "version": "4.8.4",
      "resolved": "https://registry.npmjs.org/node-gyp-build/-/node-gyp-build-4.8.4.tgz",
      "integrity": "sha512-LA4ZjwlnUblHVgq0oBF3Jl/6h/Nvs5fzBLwdEF4nuxnFdsfajde4WfxtJr3CaiH+F6ewcIB/q4jQ4UzPyid+CQ==",
      "license": "MIT",
      "bin": {
        "node-gyp-build": "bin.js",
        "node-gyp-build-optional": "optional.js",
        "node-gyp-build-test": "build-test.js"
      }
    }
  }
}
